<?xml version="1.0" encoding="utf-8"?>
<Project ToolsVersion="4.0" xmlns="http://schemas.microsoft.com/developer/msbuild/2003">
  <ItemGroup>
    <Filter Include="Source Files">
      <UniqueIdentifier>{4FC737F1-C7A5-4376-A066-2A32D752A2FF}</UniqueIdentifier>
      <Extensions>cpp;c;cc;cxx;c++;cppm;ixx;def;odl;idl;hpj;bat;asm;asmx</Extensions>
    </Filter>
    <Filter Include="Header Files">
      <UniqueIdentifier>{93995380-89BD-4b04-88EB-625FBE52EBFB}</UniqueIdentifier>
      <Extensions>h;hh;hpp;hxx;h++;hm;inl;inc;ipp;xsd</Extensions>
    </Filter>
    <Filter Include="Resource Files">
      <UniqueIdentifier>{67DA6AB6-F800-4c08-8B7A-83BB121AAD01}</UniqueIdentifier>
      <Extensions>rc;ico;cur;bmp;dlg;rc2;rct;bin;rgs;gif;jpg;jpeg;jpe;resx;tiff;tif;png;wav;mfcribbon-ms</Extensions>
    </Filter>
  </ItemGroup>
  <ItemGroup>
    <ClCompile Include="src\ui\MainWindow.cpp">
      <Filter>Source Files</Filter>
    </ClCompile>
    <ClCompile Include="src\main.cpp">
      <Filter>Source Files</Filter>
    </ClCompile>
    <ClCompile Include="src\hashmethods\PerceptualHash.cpp">
      <Filter>Source Files</Filter>
    </ClCompile>
    <ClCompile Include="src\pipeline\stages\DiskReader.cpp">
      <Filter>Source Files</Filter>
    </ClCompile>
    <ClCompile Include="src\pipeline\stages\HashWorker.cpp">
      <Filter>Source Files</Filter>
    </ClCompile>
    <ClCompile Include="src\pipeline\stages\ResultProcessor.cpp">
      <Filter>Source Files</Filter>
    </ClCompile>
    <ClCompile Include="src\pipeline\PipelineController.cpp">
      <Filter>Source Files</Filter>
    </ClCompile>
    <ClCompile Include="src\pipeline\stages\DirectoryScanner.cpp">
      <Filter>Source Files</Filter>
    </ClCompile>
    <ClCompile Include="src\pipeline\stages\CacheLookup.cpp">
      <Filter>Source Files</Filter>
    </ClCompile>
    <ClCompile Include="src\caching\SqliteHashCache.cpp">
      <Filter>Source Files</Filter>
    </ClCompile>
    <ClCompile Include="src\pipeline\stages\CacheStore.cpp">
      <Filter>Source Files</Filter>
    </ClCompile>
    <ClCompile Include="src\hashmethods\Sha256Hash.cpp">
      <Filter>Source Files</Filter>
    </ClCompile>
    <ClCompile Include="inc\photoboss\hashing\PerceptualHash.h">
      <Filter>Header Files</Filter>
    </ClCompile>
    <ClCompile Include="inc\photoboss\util\CacheTypes.h">
      <Filter>Header Files</Filter>
    </ClCompile>
    <ClCompile Include="inc\photoboss\util\GroupTypes.h">
      <Filter>Header Files</Filter>
    </ClCompile>
    <ClCompile Include="src\hashmethods\PerceptualImage.cpp">
      <Filter>Source Files</Filter>
    </ClCompile>
    <ClCompile Include="src\exif\ExifReader.cpp">
      <Filter>Source Files</Filter>
    </ClCompile>
    <ClCompile Include="inc\photoboss\hashing\DifferenceHash.h">
      <Filter>Source Files</Filter>
    </ClCompile>
    <ClCompile Include="src\hashmethods\DifferenceHash.cpp">
      <Filter>Source Files</Filter>
    </ClCompile>
    <ClCompile Include="src\hashmethods\AverageHash.cpp">
      <Filter>Source Files</Filter>
    </ClCompile>
    <ClCompile Include="inc\photoboss\hashing\HashCatalog.cpp">
      <Filter>Source Files</Filter>
    </ClCompile>
    <ClCompile Include="src\pipeline\SimilarityEngine.cpp">
      <Filter>Source Files</Filter>
    </ClCompile>
  </ItemGroup>
  <ItemGroup>
    <QtUic Include="resources\MainWindow.ui" />
  </ItemGroup>
  <ItemGroup>
    <QtMoc Include="inc\photoboss\ui\MainWindow.h">
      <Filter>Header Files</Filter>
    </QtMoc>
    <QtMoc Include="inc\photoboss\pipeline\stages\DiskReader.h">
      <Filter>Header Files</Filter>
    </QtMoc>
    <QtMoc Include="inc\photoboss\pipeline\stages\HashWorker.h">
      <Filter>Header Files</Filter>
    </QtMoc>
    <QtMoc Include="inc\photoboss\pipeline\stages\ResultProcessor.h">
      <Filter>Header Files</Filter>
    </QtMoc>
    <QtMoc Include="inc\photoboss\pipeline\PipelineController.h">
      <Filter>Header Files</Filter>
    </QtMoc>
    <QtMoc Include="inc\photoboss\pipeline\stages\DirectoryScanner.h">
      <Filter>Header Files</Filter>
    </QtMoc>
    <QtMoc Include="inc\photoboss\pipeline\stages\CacheLookup.h">
      <Filter>Header Files</Filter>
    </QtMoc>
    <QtMoc Include="inc\photoboss\pipeline\StageBase.h">
      <Filter>Header Files</Filter>
    </QtMoc>
    <QtMoc Include="inc\photoboss\pipeline\stages\CacheStore.h">
      <Filter>Header Files</Filter>
    </QtMoc>
  </ItemGroup>
  <ItemGroup>
    <ClInclude Include="inc\photoboss\util\Queue.h">
      <Filter>Header Files</Filter>
    </ClInclude>
    <ClInclude Include="inc\photoboss\hashing\HashMethod.h">
      <Filter>Header Files</Filter>
    </ClInclude>
    <ClInclude Include="inc\photoboss\util\DataTypes.h">
      <Filter>Header Files</Filter>
    </ClInclude>
    <ClInclude Include="inc\photoboss\caching\IHashCache.h">
      <Filter>Header Files</Filter>
    </ClInclude>
    <ClInclude Include="inc\photoboss\caching\NullHashCache.h">
      <Filter>Header Files</Filter>
    </ClInclude>
    <ClInclude Include="inc\photoboss\caching\SqliteHashCache.h">
      <Filter>Header Files</Filter>
    </ClInclude>
    <ClInclude Include="inc\photoboss\util\FileIdentity.h">
      <Filter>Header Files</Filter>
    </ClInclude>
    <ClInclude Include="inc\photoboss\util\ShutdownToken.h">
      <Filter>Header Files</Filter>
    </ClInclude>
    <ClInclude Include="inc\photoboss\hashing\Sha256Hash.h">
      <Filter>Header Files</Filter>
    </ClInclude>
    <ClInclude Include="inc\photoboss\hashing\PerceptualImage.h">
      <Filter>Header Files</Filter>
    </ClInclude>
    <ClInclude Include="inc\photoboss\exif\ExifReader.h">
      <Filter>Header Files</Filter>
    </ClInclude>
    <ClInclude Include="inc\photoboss\hashing\AverageHash.h">
      <Filter>Header Files</Filter>
    </ClInclude>
    <ClInclude Include="inc\photoboss\hashing\HashCatalog.h">
      <Filter>Header Files</Filter>
    </ClInclude>
    <ClInclude Include="inc\photoboss\pipeline\SimilarityEngine.h">
      <Filter>Header Files</Filter>
    </ClInclude>
    <ClInclude Include="inc\photoboss\util\ExifData.h">
      <Filter>Header Files</Filter>
    </ClInclude>
  </ItemGroup>
</Project>