<?xml version="1.0" encoding="utf-8"?>
<Project ToolsVersion="4.0" xmlns="http://schemas.microsoft.com/developer/msbuild/2003">
  <ItemGroup>
    <Filter Include="Source Files">
      <UniqueIdentifier>{4FC737F1-C7A5-4376-A066-2A32D752A2FF}</UniqueIdentifier>
      <Extensions>cpp;c;cc;cxx;c++;cppm;ixx;def;odl;idl;hpj;bat;asm;asmx</Extensions>
    </Filter>
    <Filter Include="Header Files">
      <UniqueIdentifier>{93995380-89BD-4b04-88EB-625FBE52EBFB}</UniqueIdentifier>
      <Extensions>h;hh;hpp;hxx;h++;hm;inl;inc;ipp;xsd</Extensions>
    </Filter>
    <Filter Include="Resource Files">
      <UniqueIdentifier>{67DA6AB6-F800-4c08-8B7A-83BB121AAD01}</UniqueIdentifier>
      <Extensions>rc;ico;cur;bmp;dlg;rc2;rct;bin;rgs;gif;jpg;jpeg;jpe;resx;tiff;tif;png;wav;mfcribbon-ms</Extensions>
    </Filter>
  </ItemGroup>
  <ItemGroup>
    <ClCompile Include="src\ui\MainWindow.cpp">
      <Filter>Source Files</Filter>
    </ClCompile>
    <ClCompile Include="src\main.cpp">
      <Filter>Source Files</Filter>
    </ClCompile>
    <ClCompile Include="src\pipeline\perceptualhash.cpp">
      <Filter>Source Files</Filter>
    </ClCompile>
    <ClCompile Include="src\pipeline\DiskReader.cpp">
      <Filter>Source Files</Filter>
    </ClCompile>
    <ClCompile Include="src\pipeline\HashWorker.cpp">
      <Filter>Source Files</Filter>
    </ClCompile>
    <ClCompile Include="src\ui\SettingsSelection.cpp">
      <Filter>Source Files</Filter>
    </ClCompile>
    <ClCompile Include="src\pipeline\ResultProcessor.cpp">
      <Filter>Source Files</Filter>
    </ClCompile>
    <ClCompile Include="src\pipeline\PipelineController.cpp">
      <Filter>Source Files</Filter>
    </ClCompile>
    <ClCompile Include="src\pipeline\DirectoryScanner.cpp">
      <Filter>Source Files</Filter>
    </ClCompile>
    <ClCompile Include="src\pipeline\CacheLookup.cpp">
      <Filter>Source Files</Filter>
    </ClCompile>
    <ClCompile Include="src\pipeline\SqliteHashCache.cpp">
      <Filter>Source Files</Filter>
    </ClCompile>
  </ItemGroup>
  <ItemGroup>
    <QtUic Include="resources\MainWindow.ui" />
    <QtUic Include="resources\SettingsSelection.ui" />
  </ItemGroup>
  <ItemGroup>
    <QtMoc Include="inc\photoboss\ui\MainWindow.h">
      <Filter>Header Files</Filter>
    </QtMoc>
    <QtMoc Include="inc\photoboss\pipeline\DiskReader.h">
      <Filter>Header Files</Filter>
    </QtMoc>
    <QtMoc Include="inc\photoboss\pipeline\HashWorker.h">
      <Filter>Header Files</Filter>
    </QtMoc>
    <QtMoc Include="inc\photoboss\ui\SettingsSelection.h">
      <Filter>Header Files</Filter>
    </QtMoc>
    <QtMoc Include="inc\photoboss\pipeline\ResultProcessor.h">
      <Filter>Header Files</Filter>
    </QtMoc>
    <QtMoc Include="inc\photoboss\pipeline\PipelineController.h">
      <Filter>Header Files</Filter>
    </QtMoc>
    <QtMoc Include="inc\photoboss\pipeline\DirectoryScanner.h">
      <Filter>Header Files</Filter>
    </QtMoc>
    <QtMoc Include="inc\photoboss\pipeline\CacheLookup.h">
      <Filter>Header Files</Filter>
    </QtMoc>
  </ItemGroup>
  <ItemGroup>
    <ClInclude Include="inc\photoboss\pipeline\Queue.h">
      <Filter>Header Files</Filter>
    </ClInclude>
    <ClInclude Include="inc\photoboss\pipeline\HashMethod.h">
      <Filter>Header Files</Filter>
    </ClInclude>
    <ClInclude Include="inc\photoboss\DataTypes.h">
      <Filter>Header Files</Filter>
    </ClInclude>
    <ClInclude Include="inc\photoboss\pipeline\IHashCache.h">
      <Filter>Header Files</Filter>
    </ClInclude>
    <ClInclude Include="inc\photoboss\pipeline\NullHashCache.h">
      <Filter>Header Files</Filter>
    </ClInclude>
    <ClInclude Include="inc\photoboss\pipeline\SqliteHashCache.h">
      <Filter>Header Files</Filter>
    </ClInclude>
  </ItemGroup>
</Project>